
Microsoft Visual Studio Solution File, Format Version 12.00
# Visual Studio Version 17
VisualStudioVersion = 17.1.32328.378
MinimumVisualStudioVersion = 10.0.40219.1
Project("{FAE04EC0-301F-11D3-BF4B-00C04F79EFBC}") = "TaxCalculator", "TaxCalculator\TaxCalculator.csproj", "{3569CAB7-F1CF-4E8B-9919-44C6EC9ED5A6}"
EndProject
Global
	GlobalSection(SolutionConfigurationPlatforms) = preSolution
		Debug|Any CPU = Debug|Any CPU
		Release|Any CPU = Release|Any CPU
	EndGlobalSection
	GlobalSection(ProjectConfigurationPlatforms) = postSolution
		{3569CAB7-F1CF-4E8B-9919-44C6EC9ED5A6}.Debug|Any CPU.ActiveCfg = Debug|Any CPU
		{3569CAB7-F1CF-4E8B-9919-44C6EC9ED5A6}.Debug|Any CPU.Build.0 = Debug|Any CPU
		{3569CAB7-F1CF-4E8B-9919-44C6EC9ED5A6}.Release|Any CPU.ActiveCfg = Release|Any CPU
		{3569CAB7-F1CF-4E8B-9919-44C6EC9ED5A6}.Release|Any CPU.Build.0 = Release|Any CPU
	EndGlobalSection
	GlobalSection(SolutionProperties) = preSolution
		HideSolutionNode = FALSE
	EndGlobalSection
	GlobalSection(ExtensibilityGlobals) = postSolution
		SolutionGuid = {C3ADD8B8-6767-4FA5-994F-68B7E752F9DB}
	EndGlobalSection
EndGlobal
